
Microsoft Visual Studio Solution File, Format Version 12.00
# Visual Studio Version 17
VisualStudioVersion = 17.10.35027.167
MinimumVisualStudioVersion = 10.0.40219.1
Project("{FAE04EC0-301F-11D3-BF4B-00C04F79EFBC}") = "API", "API\API.csproj", "{9A41B2BD-7F7C-401B-91EF-68C6528B1B19}"
EndProject
Global
	GlobalSection(SolutionConfigurationPlatforms) = preSolution
		Debug|Any CPU = Debug|Any CPU
		Release|Any CPU = Release|Any CPU
	EndGlobalSection
	GlobalSection(ProjectConfigurationPlatforms) = postSolution
		{9A41B2BD-7F7C-401B-91EF-68C6528B1B19}.Debug|Any CPU.ActiveCfg = Debug|Any CPU
		{9A41B2BD-7F7C-401B-91EF-68C6528B1B19}.Debug|Any CPU.Build.0 = Debug|Any CPU
		{9A41B2BD-7F7C-401B-91EF-68C6528B1B19}.Release|Any CPU.ActiveCfg = Release|Any CPU
		{9A41B2BD-7F7C-401B-91EF-68C6528B1B19}.Release|Any CPU.Build.0 = Release|Any CPU
	EndGlobalSection
	GlobalSection(SolutionProperties) = preSolution
		HideSolutionNode = FALSE
	EndGlobalSection
	GlobalSection(ExtensibilityGlobals) = postSolution
		SolutionGuid = {0220EA63-15D0-4A44-8CE1-28B73C100E71}
	EndGlobalSection
EndGlobal
